
Microsoft Visual Studio Solution File, Format Version 12.00
# Visual Studio 15
VisualStudioVersion = 15.0.27004.2002
MinimumVisualStudioVersion = 10.0.40219.1
Project("{FAE04EC0-301F-11D3-BF4B-00C04F79EFBC}") = "NetCoreWebApi", "NetCoreWebApi\NetCoreWebApi.csproj", "{1FE02E94-4512-4827-BC65-E163F442B76E}"
EndProject
Global
	GlobalSection(SolutionConfigurationPlatforms) = preSolution
		Debug|Any CPU = Debug|Any CPU
		Release|Any CPU = Release|Any CPU
	EndGlobalSection
	GlobalSection(ProjectConfigurationPlatforms) = postSolution
		{1FE02E94-4512-4827-BC65-E163F442B76E}.Debug|Any CPU.ActiveCfg = Debug|Any CPU
		{1FE02E94-4512-4827-BC65-E163F442B76E}.Debug|Any CPU.Build.0 = Debug|Any CPU
		{1FE02E94-4512-4827-BC65-E163F442B76E}.Release|Any CPU.ActiveCfg = Release|Any CPU
		{1FE02E94-4512-4827-BC65-E163F442B76E}.Release|Any CPU.Build.0 = Release|Any CPU
	EndGlobalSection
	GlobalSection(SolutionProperties) = preSolution
		HideSolutionNode = FALSE
	EndGlobalSection
	GlobalSection(ExtensibilityGlobals) = postSolution
		SolutionGuid = {A92681E2-16B5-485A-993F-2F409D8B296A}
	EndGlobalSection
EndGlobal
